
Microsoft Visual Studio Solution File, Format Version 12.00
# Visual Studio 15
VisualStudioVersion = 15.0.26430.14
MinimumVisualStudioVersion = 10.0.40219.1
Project("{FAE04EC0-301F-11D3-BF4B-00C04F79EFBC}") = "Swissworx.Modules.Website", "Swissworx.Modules.Website\Swissworx.Modules.Website.csproj", "{16CD8CD1-579B-4459-AD1B-8216ED0CECBF}"
EndProject
Project("{FAE04EC0-301F-11D3-BF4B-00C04F79EFBC}") = "Swissworx.Modules.Analytics.Lookups.IpApi", "Swissworx.Modules.Analytics.Lookups.IpApi\Swissworx.Modules.Analytics.Lookups.IpApi.csproj", "{51130E71-AB56-4940-9538-AEEC1CFC9835}"
EndProject
Global
	GlobalSection(SolutionConfigurationPlatforms) = preSolution
		Debug|Any CPU = Debug|Any CPU
		Release|Any CPU = Release|Any CPU
	EndGlobalSection
	GlobalSection(ProjectConfigurationPlatforms) = postSolution
		{16CD8CD1-579B-4459-AD1B-8216ED0CECBF}.Debug|Any CPU.ActiveCfg = Debug|Any CPU
		{16CD8CD1-579B-4459-AD1B-8216ED0CECBF}.Debug|Any CPU.Build.0 = Debug|Any CPU
		{16CD8CD1-579B-4459-AD1B-8216ED0CECBF}.Release|Any CPU.ActiveCfg = Release|Any CPU
		{16CD8CD1-579B-4459-AD1B-8216ED0CECBF}.Release|Any CPU.Build.0 = Release|Any CPU
		{51130E71-AB56-4940-9538-AEEC1CFC9835}.Debug|Any CPU.ActiveCfg = Debug|Any CPU
		{51130E71-AB56-4940-9538-AEEC1CFC9835}.Debug|Any CPU.Build.0 = Debug|Any CPU
		{51130E71-AB56-4940-9538-AEEC1CFC9835}.Release|Any CPU.ActiveCfg = Release|Any CPU
		{51130E71-AB56-4940-9538-AEEC1CFC9835}.Release|Any CPU.Build.0 = Release|Any CPU
	EndGlobalSection
	GlobalSection(SolutionProperties) = preSolution
		HideSolutionNode = FALSE
	EndGlobalSection
EndGlobal
